
Microsoft Visual Studio Solution File, Format Version 12.00
# Visual Studio Version 17
VisualStudioVersion = 17.1.32210.238
MinimumVisualStudioVersion = 10.0.40219.1
Project("{9A19103F-16F7-4668-BE54-9A1E7A4F7556}") = "WormsGame", "WormsGame\WormsGame.csproj", "{93846DDC-CBDA-4106-A39D-399841FED1FD}"
EndProject
Project("{9A19103F-16F7-4668-BE54-9A1E7A4F7556}") = "WormsConsole", "WormsConsole\WormsConsole.csproj", "{8A423B07-416E-4EA6-AF64-7C848F0C15BE}"
EndProject
Project("{9A19103F-16F7-4668-BE54-9A1E7A4F7556}") = "WormsWPF", "WormsWPF\WormsWPF.csproj", "{71180DDB-09D6-4B52-BA96-065F2F7EB880}"
EndProject
Project("{FAE04EC0-301F-11D3-BF4B-00C04F79EFBC}") = "WormsTest", "WormsTest\WormsTest.csproj", "{72189CF7-59BA-469A-AF8B-3B480F70A800}"
EndProject
Global
	GlobalSection(SolutionConfigurationPlatforms) = preSolution
		Debug|Any CPU = Debug|Any CPU
		Release|Any CPU = Release|Any CPU
	EndGlobalSection
	GlobalSection(ProjectConfigurationPlatforms) = postSolution
		{93846DDC-CBDA-4106-A39D-399841FED1FD}.Debug|Any CPU.ActiveCfg = Debug|Any CPU
		{93846DDC-CBDA-4106-A39D-399841FED1FD}.Debug|Any CPU.Build.0 = Debug|Any CPU
		{93846DDC-CBDA-4106-A39D-399841FED1FD}.Release|Any CPU.ActiveCfg = Release|Any CPU
		{93846DDC-CBDA-4106-A39D-399841FED1FD}.Release|Any CPU.Build.0 = Release|Any CPU
		{8A423B07-416E-4EA6-AF64-7C848F0C15BE}.Debug|Any CPU.ActiveCfg = Debug|Any CPU
		{8A423B07-416E-4EA6-AF64-7C848F0C15BE}.Debug|Any CPU.Build.0 = Debug|Any CPU
		{8A423B07-416E-4EA6-AF64-7C848F0C15BE}.Release|Any CPU.ActiveCfg = Release|Any CPU
		{8A423B07-416E-4EA6-AF64-7C848F0C15BE}.Release|Any CPU.Build.0 = Release|Any CPU
		{71180DDB-09D6-4B52-BA96-065F2F7EB880}.Debug|Any CPU.ActiveCfg = Debug|Any CPU
		{71180DDB-09D6-4B52-BA96-065F2F7EB880}.Debug|Any CPU.Build.0 = Debug|Any CPU
		{71180DDB-09D6-4B52-BA96-065F2F7EB880}.Release|Any CPU.ActiveCfg = Release|Any CPU
		{71180DDB-09D6-4B52-BA96-065F2F7EB880}.Release|Any CPU.Build.0 = Release|Any CPU
		{72189CF7-59BA-469A-AF8B-3B480F70A800}.Debug|Any CPU.ActiveCfg = Debug|Any CPU
		{72189CF7-59BA-469A-AF8B-3B480F70A800}.Debug|Any CPU.Build.0 = Debug|Any CPU
		{72189CF7-59BA-469A-AF8B-3B480F70A800}.Release|Any CPU.ActiveCfg = Release|Any CPU
		{72189CF7-59BA-469A-AF8B-3B480F70A800}.Release|Any CPU.Build.0 = Release|Any CPU
	EndGlobalSection
	GlobalSection(SolutionProperties) = preSolution
		HideSolutionNode = FALSE
	EndGlobalSection
	GlobalSection(ExtensibilityGlobals) = postSolution
		SolutionGuid = {F86D577B-98B8-48F9-AFCD-37D28E629856}
	EndGlobalSection
EndGlobal
